
Microsoft Visual Studio Solution File, Format Version 12.00
# Visual Studio 15
VisualStudioVersion = 15.0.27130.2026
MinimumVisualStudioVersion = 10.0.40219.1
Project("{9A19103F-16F7-4668-BE54-9A1E7A4F7556}") = "Silk.Data.SQL.SQLite3", "Silk.Data.SQL.SQLite3\Silk.Data.SQL.SQLite3.csproj", "{D009FE93-6E16-4013-B2EB-370C327C05CB}"
EndProject
Project("{9A19103F-16F7-4668-BE54-9A1E7A4F7556}") = "Silk.Data.SQL.SQLite3.Tests", "Silk.Data.SQL.SQLite3.Tests\Silk.Data.SQL.SQLite3.Tests.csproj", "{1A50CFB6-78D6-435F-A9F6-48C53AA0997A}"
EndProject
Project("{2150E333-8FDC-42A3-9474-1A3956D46DE8}") = "Solution Items", "Solution Items", "{84F466F5-9925-4A82-A211-6EB427895B99}"
	ProjectSection(SolutionItems) = preProject
		readme.md = readme.md
	EndProjectSection
EndProject
Global
	GlobalSection(SolutionConfigurationPlatforms) = preSolution
		Debug|Any CPU = Debug|Any CPU
		Release|Any CPU = Release|Any CPU
	EndGlobalSection
	GlobalSection(ProjectConfigurationPlatforms) = postSolution
		{D009FE93-6E16-4013-B2EB-370C327C05CB}.Debug|Any CPU.ActiveCfg = Debug|Any CPU
		{D009FE93-6E16-4013-B2EB-370C327C05CB}.Debug|Any CPU.Build.0 = Debug|Any CPU
		{D009FE93-6E16-4013-B2EB-370C327C05CB}.Release|Any CPU.ActiveCfg = Release|Any CPU
		{D009FE93-6E16-4013-B2EB-370C327C05CB}.Release|Any CPU.Build.0 = Release|Any CPU
		{1A50CFB6-78D6-435F-A9F6-48C53AA0997A}.Debug|Any CPU.ActiveCfg = Debug|Any CPU
		{1A50CFB6-78D6-435F-A9F6-48C53AA0997A}.Debug|Any CPU.Build.0 = Debug|Any CPU
		{1A50CFB6-78D6-435F-A9F6-48C53AA0997A}.Release|Any CPU.ActiveCfg = Release|Any CPU
		{1A50CFB6-78D6-435F-A9F6-48C53AA0997A}.Release|Any CPU.Build.0 = Release|Any CPU
	EndGlobalSection
	GlobalSection(SolutionProperties) = preSolution
		HideSolutionNode = FALSE
	EndGlobalSection
	GlobalSection(ExtensibilityGlobals) = postSolution
		SolutionGuid = {B2A73DA8-5B0F-44F2-B981-7F48F8A1604B}
	EndGlobalSection
EndGlobal
